
Microsoft Visual Studio Solution File, Format Version 12.00
# Visual Studio 2012
Project("{FAE04EC0-301F-11D3-BF4B-00C04F79EFBC}") = "MyApp", "MyApp\MyApp.csproj", "{C6841FB5-DC42-49B5-83CD-94C686325CA2}"
EndProject
Project("{FAE04EC0-301F-11D3-BF4B-00C04F79EFBC}") = "FileDb", "FileDb\FileDb.csproj", "{6544DC7F-6830-4E79-9328-E6BE490D4A27}"
EndProject
Global
	GlobalSection(SolutionConfigurationPlatforms) = preSolution
		Debug|Any CPU = Debug|Any CPU
		Release|Any CPU = Release|Any CPU
	EndGlobalSection
	GlobalSection(ProjectConfigurationPlatforms) = postSolution
		{C6841FB5-DC42-49B5-83CD-94C686325CA2}.Debug|Any CPU.ActiveCfg = Debug|Any CPU
		{C6841FB5-DC42-49B5-83CD-94C686325CA2}.Debug|Any CPU.Build.0 = Debug|Any CPU
		{C6841FB5-DC42-49B5-83CD-94C686325CA2}.Release|Any CPU.ActiveCfg = Release|Any CPU
		{C6841FB5-DC42-49B5-83CD-94C686325CA2}.Release|Any CPU.Build.0 = Release|Any CPU
		{6544DC7F-6830-4E79-9328-E6BE490D4A27}.Debug|Any CPU.ActiveCfg = Debug|Any CPU
		{6544DC7F-6830-4E79-9328-E6BE490D4A27}.Debug|Any CPU.Build.0 = Debug|Any CPU
		{6544DC7F-6830-4E79-9328-E6BE490D4A27}.Release|Any CPU.ActiveCfg = Release|Any CPU
		{6544DC7F-6830-4E79-9328-E6BE490D4A27}.Release|Any CPU.Build.0 = Release|Any CPU
	EndGlobalSection
	GlobalSection(SolutionProperties) = preSolution
		HideSolutionNode = FALSE
	EndGlobalSection
EndGlobal
