
Microsoft Visual Studio Solution File, Format Version 11.00
# Visual Studio 2010
Project("{FAE04EC0-301F-11D3-BF4B-00C04F79EFBC}") = "Singleton", "Singleton.csproj", "{E2985AD7-F4ED-470A-9CEE-1D82205BC4AD}"
EndProject
Global
	GlobalSection(SolutionConfigurationPlatforms) = preSolution
		Debug|x86 = Debug|x86
		Release|x86 = Release|x86
	EndGlobalSection
	GlobalSection(ProjectConfigurationPlatforms) = postSolution
		{E2985AD7-F4ED-470A-9CEE-1D82205BC4AD}.Debug|x86.ActiveCfg = Debug|x86
		{E2985AD7-F4ED-470A-9CEE-1D82205BC4AD}.Debug|x86.Build.0 = Debug|x86
		{E2985AD7-F4ED-470A-9CEE-1D82205BC4AD}.Release|x86.ActiveCfg = Release|x86
		{E2985AD7-F4ED-470A-9CEE-1D82205BC4AD}.Release|x86.Build.0 = Release|x86
	EndGlobalSection
	GlobalSection(SolutionProperties) = preSolution
		HideSolutionNode = FALSE
	EndGlobalSection
EndGlobal
