
Microsoft Visual Studio Solution File, Format Version 10.00
# Visual Studio 2008
Project("{FAE04EC0-301F-11D3-BF4B-00C04F79EFBC}") = "PipeStreamSolution", "PipeStreamSolution.csproj", "{BB3A538B-31BB-4F1E-919C-2983468ADBFB}"
EndProject
Global
	GlobalSection(SolutionConfigurationPlatforms) = preSolution
		Debug|Any CPU = Debug|Any CPU
		Release|Any CPU = Release|Any CPU
	EndGlobalSection
	GlobalSection(ProjectConfigurationPlatforms) = postSolution
		{BB3A538B-31BB-4F1E-919C-2983468ADBFB}.Debug|Any CPU.ActiveCfg = Debug|Any CPU
		{BB3A538B-31BB-4F1E-919C-2983468ADBFB}.Debug|Any CPU.Build.0 = Debug|Any CPU
		{BB3A538B-31BB-4F1E-919C-2983468ADBFB}.Release|Any CPU.ActiveCfg = Release|Any CPU
		{BB3A538B-31BB-4F1E-919C-2983468ADBFB}.Release|Any CPU.Build.0 = Release|Any CPU
	EndGlobalSection
	GlobalSection(SolutionProperties) = preSolution
		HideSolutionNode = FALSE
	EndGlobalSection
EndGlobal
